
Microsoft Visual Studio Solution File, Format Version 12.00
# Visual Studio Version 17
VisualStudioVersion = 17.14.36408.4
MinimumVisualStudioVersion = 10.0.40219.1
Project("{FAE04EC0-301F-11D3-BF4B-00C04F79EFBC}") = "Api", "Api\Api.csproj", "{6F094251-2382-496A-938B-6C72817B17AF}"
EndProject
Project("{FAE04EC0-301F-11D3-BF4B-00C04F79EFBC}") = "Data", "Data\Data.csproj", "{35A90F0D-A90B-4E94-8F2F-670BECE09187}"
EndProject
Project("{FAE04EC0-301F-11D3-BF4B-00C04F79EFBC}") = "Services", "Services\Services.csproj", "{C918663A-AC4A-48AA-8323-980B9A1DF155}"
EndProject
Global
	GlobalSection(SolutionConfigurationPlatforms) = preSolution
		Debug|Any CPU = Debug|Any CPU
		Release|Any CPU = Release|Any CPU
	EndGlobalSection
	GlobalSection(ProjectConfigurationPlatforms) = postSolution
		{6F094251-2382-496A-938B-6C72817B17AF}.Debug|Any CPU.ActiveCfg = Debug|Any CPU
		{6F094251-2382-496A-938B-6C72817B17AF}.Debug|Any CPU.Build.0 = Debug|Any CPU
		{6F094251-2382-496A-938B-6C72817B17AF}.Release|Any CPU.ActiveCfg = Release|Any CPU
		{6F094251-2382-496A-938B-6C72817B17AF}.Release|Any CPU.Build.0 = Release|Any CPU
		{35A90F0D-A90B-4E94-8F2F-670BECE09187}.Debug|Any CPU.ActiveCfg = Debug|Any CPU
		{35A90F0D-A90B-4E94-8F2F-670BECE09187}.Debug|Any CPU.Build.0 = Debug|Any CPU
		{35A90F0D-A90B-4E94-8F2F-670BECE09187}.Release|Any CPU.ActiveCfg = Release|Any CPU
		{35A90F0D-A90B-4E94-8F2F-670BECE09187}.Release|Any CPU.Build.0 = Release|Any CPU
		{C918663A-AC4A-48AA-8323-980B9A1DF155}.Debug|Any CPU.ActiveCfg = Debug|Any CPU
		{C918663A-AC4A-48AA-8323-980B9A1DF155}.Debug|Any CPU.Build.0 = Debug|Any CPU
		{C918663A-AC4A-48AA-8323-980B9A1DF155}.Release|Any CPU.ActiveCfg = Release|Any CPU
		{C918663A-AC4A-48AA-8323-980B9A1DF155}.Release|Any CPU.Build.0 = Release|Any CPU
	EndGlobalSection
	GlobalSection(SolutionProperties) = preSolution
		HideSolutionNode = FALSE
	EndGlobalSection
	GlobalSection(ExtensibilityGlobals) = postSolution
		SolutionGuid = {92136B10-3C12-4F18-8C98-F42B3BF5FE72}
	EndGlobalSection
EndGlobal
